
Microsoft Visual Studio Solution File, Format Version 12.00
# Visual Studio Version 17
VisualStudioVersion = 17.0.32112.339
MinimumVisualStudioVersion = 10.0.40219.1
Project("{9A19103F-16F7-4668-BE54-9A1E7A4F7556}") = "UE4AssistantCLI", "UE4AssistantCLI\UE4AssistantCLI.csproj", "{169FC615-98A4-4E47-87E3-7C82E8C43C2D}"
EndProject
Project("{9A19103F-16F7-4668-BE54-9A1E7A4F7556}") = "UE4Assistant", "UE4Assistant\UE4Assistant.csproj", "{60F43FC3-EF8D-4334-92E9-B75DBBAD3545}"
EndProject
Project("{9A19103F-16F7-4668-BE54-9A1E7A4F7556}") = "UE4Assistant.Templates", "UE4Assistant.Templates\UE4Assistant.Templates.csproj", "{1D12AD29-68B1-470F-9230-BD7796E58350}"
EndProject
Project("{9A19103F-16F7-4668-BE54-9A1E7A4F7556}") = "SystemEx", "SystemEx\SystemEx.csproj", "{39539AC4-AFFF-4970-8809-46515F3508ED}"
EndProject
Project("{9A19103F-16F7-4668-BE54-9A1E7A4F7556}") = "ClipboardEx.Win32", "ClipboardEx\ClipboardEx.Win32\ClipboardEx.Win32.csproj", "{2BE8C80F-DA4E-49D6-8BF0-81472548CC6F}"
EndProject
Project("{9A19103F-16F7-4668-BE54-9A1E7A4F7556}") = "SystemEx.Sleep", "SystemEx.Sleep\SystemEx.Sleep.csproj", "{874AABC8-E530-416D-8345-B1AB23B78AA0}"
EndProject
Project("{9A19103F-16F7-4668-BE54-9A1E7A4F7556}") = "ConsoleAppFramework", "ConsoleAppFramework\src\ConsoleAppFramework\ConsoleAppFramework.csproj", "{0FDEF1B7-5926-4E4F-867F-34B607769164}"
EndProject
Project("{FAE04EC0-301F-11D3-BF4B-00C04F79EFBC}") = "UE4AssistantCLI.UI", "UE4AssistantCLI.UI\UE4AssistantCLI.UI.csproj", "{5B2F54EB-8B61-4C8D-BEA0-8302415B0DCD}"
EndProject
Project("{FAE04EC0-301F-11D3-BF4B-00C04F79EFBC}") = "UE4Assistant.Specifier", "UE4Assistant.Specifier\UE4Assistant.Specifier.csproj", "{DD6AC44C-BB3B-4195-85FC-C2902BCCF109}"
EndProject
Global
	GlobalSection(SolutionConfigurationPlatforms) = preSolution
		Debug|Any CPU = Debug|Any CPU
		Release|Any CPU = Release|Any CPU
	EndGlobalSection
	GlobalSection(ProjectConfigurationPlatforms) = postSolution
		{169FC615-98A4-4E47-87E3-7C82E8C43C2D}.Debug|Any CPU.ActiveCfg = Debug|Any CPU
		{169FC615-98A4-4E47-87E3-7C82E8C43C2D}.Debug|Any CPU.Build.0 = Debug|Any CPU
		{169FC615-98A4-4E47-87E3-7C82E8C43C2D}.Release|Any CPU.ActiveCfg = Release|Any CPU
		{169FC615-98A4-4E47-87E3-7C82E8C43C2D}.Release|Any CPU.Build.0 = Release|Any CPU
		{60F43FC3-EF8D-4334-92E9-B75DBBAD3545}.Debug|Any CPU.ActiveCfg = Debug|Any CPU
		{60F43FC3-EF8D-4334-92E9-B75DBBAD3545}.Debug|Any CPU.Build.0 = Debug|Any CPU
		{60F43FC3-EF8D-4334-92E9-B75DBBAD3545}.Release|Any CPU.ActiveCfg = Release|Any CPU
		{60F43FC3-EF8D-4334-92E9-B75DBBAD3545}.Release|Any CPU.Build.0 = Release|Any CPU
		{1D12AD29-68B1-470F-9230-BD7796E58350}.Debug|Any CPU.ActiveCfg = Debug|Any CPU
		{1D12AD29-68B1-470F-9230-BD7796E58350}.Debug|Any CPU.Build.0 = Debug|Any CPU
		{1D12AD29-68B1-470F-9230-BD7796E58350}.Release|Any CPU.ActiveCfg = Release|Any CPU
		{1D12AD29-68B1-470F-9230-BD7796E58350}.Release|Any CPU.Build.0 = Release|Any CPU
		{39539AC4-AFFF-4970-8809-46515F3508ED}.Debug|Any CPU.ActiveCfg = Debug|Any CPU
		{39539AC4-AFFF-4970-8809-46515F3508ED}.Debug|Any CPU.Build.0 = Debug|Any CPU
		{39539AC4-AFFF-4970-8809-46515F3508ED}.Release|Any CPU.ActiveCfg = Release|Any CPU
		{39539AC4-AFFF-4970-8809-46515F3508ED}.Release|Any CPU.Build.0 = Release|Any CPU
		{2BE8C80F-DA4E-49D6-8BF0-81472548CC6F}.Debug|Any CPU.ActiveCfg = Debug|Any CPU
		{2BE8C80F-DA4E-49D6-8BF0-81472548CC6F}.Debug|Any CPU.Build.0 = Debug|Any CPU
		{2BE8C80F-DA4E-49D6-8BF0-81472548CC6F}.Release|Any CPU.ActiveCfg = Release|Any CPU
		{2BE8C80F-DA4E-49D6-8BF0-81472548CC6F}.Release|Any CPU.Build.0 = Release|Any CPU
		{874AABC8-E530-416D-8345-B1AB23B78AA0}.Debug|Any CPU.ActiveCfg = Debug|Any CPU
		{874AABC8-E530-416D-8345-B1AB23B78AA0}.Debug|Any CPU.Build.0 = Debug|Any CPU
		{874AABC8-E530-416D-8345-B1AB23B78AA0}.Release|Any CPU.ActiveCfg = Release|Any CPU
		{874AABC8-E530-416D-8345-B1AB23B78AA0}.Release|Any CPU.Build.0 = Release|Any CPU
		{0FDEF1B7-5926-4E4F-867F-34B607769164}.Debug|Any CPU.ActiveCfg = Debug|Any CPU
		{0FDEF1B7-5926-4E4F-867F-34B607769164}.Debug|Any CPU.Build.0 = Debug|Any CPU
		{0FDEF1B7-5926-4E4F-867F-34B607769164}.Release|Any CPU.ActiveCfg = Release|Any CPU
		{0FDEF1B7-5926-4E4F-867F-34B607769164}.Release|Any CPU.Build.0 = Release|Any CPU
		{5B2F54EB-8B61-4C8D-BEA0-8302415B0DCD}.Debug|Any CPU.ActiveCfg = Debug|Any CPU
		{5B2F54EB-8B61-4C8D-BEA0-8302415B0DCD}.Debug|Any CPU.Build.0 = Debug|Any CPU
		{5B2F54EB-8B61-4C8D-BEA0-8302415B0DCD}.Release|Any CPU.ActiveCfg = Release|Any CPU
		{5B2F54EB-8B61-4C8D-BEA0-8302415B0DCD}.Release|Any CPU.Build.0 = Release|Any CPU
		{DD6AC44C-BB3B-4195-85FC-C2902BCCF109}.Debug|Any CPU.ActiveCfg = Debug|Any CPU
		{DD6AC44C-BB3B-4195-85FC-C2902BCCF109}.Debug|Any CPU.Build.0 = Debug|Any CPU
		{DD6AC44C-BB3B-4195-85FC-C2902BCCF109}.Release|Any CPU.ActiveCfg = Debug|Any CPU
		{DD6AC44C-BB3B-4195-85FC-C2902BCCF109}.Release|Any CPU.Build.0 = Debug|Any CPU
	EndGlobalSection
	GlobalSection(SolutionProperties) = preSolution
		HideSolutionNode = FALSE
	EndGlobalSection
	GlobalSection(ExtensibilityGlobals) = postSolution
		SolutionGuid = {FC671630-702A-4EA8-8B59-76D6433695D3}
	EndGlobalSection
EndGlobal
